
Microsoft Visual Studio Solution File, Format Version 11.00
# Visual Studio 2010
Project("{FAE04EC0-301F-11D3-BF4B-00C04F79EFBC}") = "CsharpMonads", "CsharpMonads\CsharpMonads.csproj", "{AFE4C209-B426-498C-A331-5A4B3A4AE41C}"
EndProject
Global
	GlobalSection(SolutionConfigurationPlatforms) = preSolution
		Debug|Any CPU = Debug|Any CPU
		Release|Any CPU = Release|Any CPU
	EndGlobalSection
	GlobalSection(ProjectConfigurationPlatforms) = postSolution
		{AFE4C209-B426-498C-A331-5A4B3A4AE41C}.Debug|Any CPU.ActiveCfg = Debug|Any CPU
		{AFE4C209-B426-498C-A331-5A4B3A4AE41C}.Debug|Any CPU.Build.0 = Debug|Any CPU
		{AFE4C209-B426-498C-A331-5A4B3A4AE41C}.Release|Any CPU.ActiveCfg = Release|Any CPU
		{AFE4C209-B426-498C-A331-5A4B3A4AE41C}.Release|Any CPU.Build.0 = Release|Any CPU
	EndGlobalSection
	GlobalSection(SolutionProperties) = preSolution
		HideSolutionNode = FALSE
	EndGlobalSection
EndGlobal
